
Microsoft Visual Studio Solution File, Format Version 12.00
# Visual Studio Version 17
VisualStudioVersion = 17.10.34928.147
MinimumVisualStudioVersion = 10.0.40219.1
Project("{9A19103F-16F7-4668-BE54-9A1E7A4F7556}") = "APIConnection", "APIConnection\APIConnection.csproj", "{28023DCA-F4AF-4C27-B7D5-407E55AB7110}"
EndProject
Project("{FAE04EC0-301F-11D3-BF4B-00C04F79EFBC}") = "APIConnectionTests", "APIConnectionTests\APIConnectionTests.csproj", "{52A6FF9B-066A-4778-B9BD-4473AE8DAE73}"
EndProject
Global
	GlobalSection(SolutionConfigurationPlatforms) = preSolution
		Debug|Any CPU = Debug|Any CPU
		Release|Any CPU = Release|Any CPU
	EndGlobalSection
	GlobalSection(ProjectConfigurationPlatforms) = postSolution
		{28023DCA-F4AF-4C27-B7D5-407E55AB7110}.Debug|Any CPU.ActiveCfg = Debug|Any CPU
		{28023DCA-F4AF-4C27-B7D5-407E55AB7110}.Debug|Any CPU.Build.0 = Debug|Any CPU
		{28023DCA-F4AF-4C27-B7D5-407E55AB7110}.Release|Any CPU.ActiveCfg = Release|Any CPU
		{28023DCA-F4AF-4C27-B7D5-407E55AB7110}.Release|Any CPU.Build.0 = Release|Any CPU
		{52A6FF9B-066A-4778-B9BD-4473AE8DAE73}.Debug|Any CPU.ActiveCfg = Debug|Any CPU
		{52A6FF9B-066A-4778-B9BD-4473AE8DAE73}.Debug|Any CPU.Build.0 = Debug|Any CPU
		{52A6FF9B-066A-4778-B9BD-4473AE8DAE73}.Release|Any CPU.ActiveCfg = Release|Any CPU
		{52A6FF9B-066A-4778-B9BD-4473AE8DAE73}.Release|Any CPU.Build.0 = Release|Any CPU
	EndGlobalSection
	GlobalSection(SolutionProperties) = preSolution
		HideSolutionNode = FALSE
	EndGlobalSection
	GlobalSection(ExtensibilityGlobals) = postSolution
		SolutionGuid = {61998751-D706-4328-A476-139B6A8456A7}
	EndGlobalSection
EndGlobal
